
Microsoft Visual Studio Solution File, Format Version 12.00
# Visual Studio Version 16
VisualStudioVersion = 16.0.32901.82
MinimumVisualStudioVersion = 10.0.40219.1
Project("{FAE04EC0-301F-11D3-BF4B-00C04F79EFBC}") = "LAB9 TEST", "LAB9 TEST\LAB9 TEST.csproj", "{4839FA72-A0AB-4743-9EC9-FEC27A76D218}"
EndProject
Global
	GlobalSection(SolutionConfigurationPlatforms) = preSolution
		Debug|Any CPU = Debug|Any CPU
		Release|Any CPU = Release|Any CPU
	EndGlobalSection
	GlobalSection(ProjectConfigurationPlatforms) = postSolution
		{4839FA72-A0AB-4743-9EC9-FEC27A76D218}.Debug|Any CPU.ActiveCfg = Debug|Any CPU
		{4839FA72-A0AB-4743-9EC9-FEC27A76D218}.Debug|Any CPU.Build.0 = Debug|Any CPU
		{4839FA72-A0AB-4743-9EC9-FEC27A76D218}.Release|Any CPU.ActiveCfg = Release|Any CPU
		{4839FA72-A0AB-4743-9EC9-FEC27A76D218}.Release|Any CPU.Build.0 = Release|Any CPU
	EndGlobalSection
	GlobalSection(SolutionProperties) = preSolution
		HideSolutionNode = FALSE
	EndGlobalSection
	GlobalSection(ExtensibilityGlobals) = postSolution
		SolutionGuid = {EF393D3F-51BC-4F3C-9555-88AA45E3CBD8}
	EndGlobalSection
EndGlobal
